// !$*UTF8*$!
{
	archiveVersion = 1;
	classes = {
	};
	objectVersion = 46;
	objects = {

/* Begin PBXBuildFile section */
		2950C7341BBCEAF400459A5D /* Player.swift in Sources */ = {isa = PBXBuildFile; fileRef = 2950C7331BBCEAF400459A5D /* Player.swift */; settings = {ASSET_TAGS = (); }; };
		29768BE91BBE43F8000457C8 /* Constants.swift in Sources */ = {isa = PBXBuildFile; fileRef = 29768BE81BBE43F8000457C8 /* Constants.swift */; settings = {ASSET_TAGS = (); }; };
		29AC500F1BC0CA1A00DDAFA7 /* GroupsViewController.swift in Sources */ = {isa = PBXBuildFile; fileRef = 29AC500E1BC0CA1A00DDAFA7 /* GroupsViewController.swift */; settings = {ASSET_TAGS = (); }; };
		29AC50111BC0CABF00DDAFA7 /* GroupCell.swift in Sources */ = {isa = PBXBuildFile; fileRef = 29AC50101BC0CABF00DDAFA7 /* GroupCell.swift */; settings = {ASSET_TAGS = (); }; };
		29C1F2A61BC1A021002FEEB5 /* ExpandInSegue.swift in Sources */ = {isa = PBXBuildFile; fileRef = 29C1F2A51BC1A021002FEEB5 /* ExpandInSegue.swift */; settings = {ASSET_TAGS = (); }; };
		29E0703B1BBA2B8300E9ACE2 /* HamburgerViewController.swift in Sources */ = {isa = PBXBuildFile; fileRef = 29E0703A1BBA2B8300E9ACE2 /* HamburgerViewController.swift */; settings = {ASSET_TAGS = (); }; };
		29E0703D1BBA2C8400E9ACE2 /* PlayersViewController.swift in Sources */ = {isa = PBXBuildFile; fileRef = 29E0703C1BBA2C8400E9ACE2 /* PlayersViewController.swift */; settings = {ASSET_TAGS = (); }; };
		29E070421BBA3B6900E9ACE2 /* MenuCell.swift in Sources */ = {isa = PBXBuildFile; fileRef = 29E070411BBA3B6900E9ACE2 /* MenuCell.swift */; settings = {ASSET_TAGS = (); }; };
		B9E9DDDB9F5C6874701B5E67 /* libPods.a in Frameworks */ = {isa = PBXBuildFile; fileRef = E150B66EC1B84DCBC44BB45B /* libPods.a */; };
		D9081D731BB91403005E3F23 /* GamesViewController.swift in Sources */ = {isa = PBXBuildFile; fileRef = D9081D721BB91403005E3F23 /* GamesViewController.swift */; };
		D9081D761BB91614005E3F23 /* GameCell.swift in Sources */ = {isa = PBXBuildFile; fileRef = D9081D751BB91614005E3F23 /* GameCell.swift */; };
		D9081D781BB917D2005E3F23 /* NewGameViewController.swift in Sources */ = {isa = PBXBuildFile; fileRef = D9081D771BB917D2005E3F23 /* NewGameViewController.swift */; };
		D9081D7A1BB91888005E3F23 /* NewGameResultViewController.swift in Sources */ = {isa = PBXBuildFile; fileRef = D9081D791BB91888005E3F23 /* NewGameResultViewController.swift */; };
		D9081D7C1BB91901005E3F23 /* GameDetailViewController.swift in Sources */ = {isa = PBXBuildFile; fileRef = D9081D7B1BB91901005E3F23 /* GameDetailViewController.swift */; };
		D9081D7E1BB91931005E3F23 /* GameResultCell.swift in Sources */ = {isa = PBXBuildFile; fileRef = D9081D7D1BB91931005E3F23 /* GameResultCell.swift */; };
		D970212D1BB90D9800843307 /* AppDelegate.swift in Sources */ = {isa = PBXBuildFile; fileRef = D970212C1BB90D9800843307 /* AppDelegate.swift */; };
		D97021321BB90D9800843307 /* Main.storyboard in Resources */ = {isa = PBXBuildFile; fileRef = D97021301BB90D9800843307 /* Main.storyboard */; };
		D97021341BB90D9800843307 /* Images.xcassets in Resources */ = {isa = PBXBuildFile; fileRef = D97021331BB90D9800843307 /* Images.xcassets */; };
		D97021371BB90D9800843307 /* LaunchScreen.xib in Resources */ = {isa = PBXBuildFile; fileRef = D97021351BB90D9800843307 /* LaunchScreen.xib */; };
		D97021431BB90D9800843307 /* GamenightsTests.swift in Sources */ = {isa = PBXBuildFile; fileRef = D97021421BB90D9800843307 /* GamenightsTests.swift */; };
		F33FCE401BBA31C800D61EF4 /* GroupModel.swift in Sources */ = {isa = PBXBuildFile; fileRef = F33FCE3F1BBA31C800D61EF4 /* GroupModel.swift */; settings = {ASSET_TAGS = (); }; };
		F3B5E0031BBB15B20029E545 /* GroupGameModel.swift in Sources */ = {isa = PBXBuildFile; fileRef = F3B5E0011BBB15B20029E545 /* GroupGameModel.swift */; settings = {ASSET_TAGS = (); }; };
		F3B5E0051BBB21B00029E545 /* SessionModel.swift in Sources */ = {isa = PBXBuildFile; fileRef = F3B5E0041BBB21B00029E545 /* SessionModel.swift */; settings = {ASSET_TAGS = (); }; };
/* End PBXBuildFile section */

/* Begin PBXContainerItemProxy section */
		D970213D1BB90D9800843307 /* PBXContainerItemProxy */ = {
			isa = PBXContainerItemProxy;
			containerPortal = D970211F1BB90D9800843307 /* Project object */;
			proxyType = 1;
			remoteGlobalIDString = D97021261BB90D9800843307;
			remoteInfo = Gamenights;
		};
/* End PBXContainerItemProxy section */

/* Begin PBXFileReference section */
		2950C7331BBCEAF400459A5D /* Player.swift */ = {isa = PBXFileReference; fileEncoding = 4; lastKnownFileType = sourcecode.swift; path = Player.swift; sourceTree = "<group>"; };
		29768BE81BBE43F8000457C8 /* Constants.swift */ = {isa = PBXFileReference; fileEncoding = 4; lastKnownFileType = sourcecode.swift; path = Constants.swift; sourceTree = "<group>"; };
		29AC500E1BC0CA1A00DDAFA7 /* GroupsViewController.swift */ = {isa = PBXFileReference; fileEncoding = 4; lastKnownFileType = sourcecode.swift; path = GroupsViewController.swift; sourceTree = "<group>"; };
		29AC50101BC0CABF00DDAFA7 /* GroupCell.swift */ = {isa = PBXFileReference; fileEncoding = 4; lastKnownFileType = sourcecode.swift; path = GroupCell.swift; sourceTree = "<group>"; };
		29C1F2A51BC1A021002FEEB5 /* ExpandInSegue.swift */ = {isa = PBXFileReference; fileEncoding = 4; lastKnownFileType = sourcecode.swift; path = ExpandInSegue.swift; sourceTree = "<group>"; };
		29E0703A1BBA2B8300E9ACE2 /* HamburgerViewController.swift */ = {isa = PBXFileReference; fileEncoding = 4; lastKnownFileType = sourcecode.swift; path = HamburgerViewController.swift; sourceTree = "<group>"; };
		29E0703C1BBA2C8400E9ACE2 /* PlayersViewController.swift */ = {isa = PBXFileReference; fileEncoding = 4; lastKnownFileType = sourcecode.swift; path = PlayersViewController.swift; sourceTree = "<group>"; };
		29E070411BBA3B6900E9ACE2 /* MenuCell.swift */ = {isa = PBXFileReference; fileEncoding = 4; lastKnownFileType = sourcecode.swift; path = MenuCell.swift; sourceTree = "<group>"; };
		47437790BAC16798DBC51C4E /* Pods.debug.xcconfig */ = {isa = PBXFileReference; includeInIndex = 1; lastKnownFileType = text.xcconfig; name = Pods.debug.xcconfig; path = "Pods/Target Support Files/Pods/Pods.debug.xcconfig"; sourceTree = "<group>"; };
		74264B8ECF2A09EC2B67B488 /* Pods.release.xcconfig */ = {isa = PBXFileReference; includeInIndex = 1; lastKnownFileType = text.xcconfig; name = Pods.release.xcconfig; path = "Pods/Target Support Files/Pods/Pods.release.xcconfig"; sourceTree = "<group>"; };
		D9081D721BB91403005E3F23 /* GamesViewController.swift */ = {isa = PBXFileReference; fileEncoding = 4; lastKnownFileType = sourcecode.swift; path = GamesViewController.swift; sourceTree = "<group>"; };
		D9081D751BB91614005E3F23 /* GameCell.swift */ = {isa = PBXFileReference; fileEncoding = 4; lastKnownFileType = sourcecode.swift; path = GameCell.swift; sourceTree = "<group>"; };
		D9081D771BB917D2005E3F23 /* NewGameViewController.swift */ = {isa = PBXFileReference; fileEncoding = 4; lastKnownFileType = sourcecode.swift; path = NewGameViewController.swift; sourceTree = "<group>"; };
		D9081D791BB91888005E3F23 /* NewGameResultViewController.swift */ = {isa = PBXFileReference; fileEncoding = 4; lastKnownFileType = sourcecode.swift; path = NewGameResultViewController.swift; sourceTree = "<group>"; };
		D9081D7B1BB91901005E3F23 /* GameDetailViewController.swift */ = {isa = PBXFileReference; fileEncoding = 4; lastKnownFileType = sourcecode.swift; path = GameDetailViewController.swift; sourceTree = "<group>"; };
		D9081D7D1BB91931005E3F23 /* GameResultCell.swift */ = {isa = PBXFileReference; fileEncoding = 4; lastKnownFileType = sourcecode.swift; path = GameResultCell.swift; sourceTree = "<group>"; };
		D97021271BB90D9800843307 /* Gamenights.app */ = {isa = PBXFileReference; explicitFileType = wrapper.application; includeInIndex = 0; path = Gamenights.app; sourceTree = BUILT_PRODUCTS_DIR; };
		D970212B1BB90D9800843307 /* Info.plist */ = {isa = PBXFileReference; lastKnownFileType = text.plist.xml; path = Info.plist; sourceTree = "<group>"; };
		D970212C1BB90D9800843307 /* AppDelegate.swift */ = {isa = PBXFileReference; lastKnownFileType = sourcecode.swift; lineEnding = 0; path = AppDelegate.swift; sourceTree = "<group>"; xcLanguageSpecificationIdentifier = xcode.lang.swift; };
		D97021311BB90D9800843307 /* Base */ = {isa = PBXFileReference; lastKnownFileType = file.storyboard; name = Base; path = Base.lproj/Main.storyboard; sourceTree = "<group>"; };
		D97021331BB90D9800843307 /* Images.xcassets */ = {isa = PBXFileReference; lastKnownFileType = folder.assetcatalog; path = Images.xcassets; sourceTree = "<group>"; };
		D97021361BB90D9800843307 /* Base */ = {isa = PBXFileReference; lastKnownFileType = file.xib; name = Base; path = Base.lproj/LaunchScreen.xib; sourceTree = "<group>"; };
		D970213C1BB90D9800843307 /* GamenightsTests.xctest */ = {isa = PBXFileReference; explicitFileType = wrapper.cfbundle; includeInIndex = 0; path = GamenightsTests.xctest; sourceTree = BUILT_PRODUCTS_DIR; };
		D97021411BB90D9800843307 /* Info.plist */ = {isa = PBXFileReference; lastKnownFileType = text.plist.xml; path = Info.plist; sourceTree = "<group>"; };
		D97021421BB90D9800843307 /* GamenightsTests.swift */ = {isa = PBXFileReference; lastKnownFileType = sourcecode.swift; path = GamenightsTests.swift; sourceTree = "<group>"; };
		E150B66EC1B84DCBC44BB45B /* libPods.a */ = {isa = PBXFileReference; explicitFileType = archive.ar; includeInIndex = 0; path = libPods.a; sourceTree = BUILT_PRODUCTS_DIR; };
		F33FCE3F1BBA31C800D61EF4 /* GroupModel.swift */ = {isa = PBXFileReference; fileEncoding = 4; lastKnownFileType = sourcecode.swift; lineEnding = 0; path = GroupModel.swift; sourceTree = "<group>"; xcLanguageSpecificationIdentifier = xcode.lang.swift; };
		F3B5E0011BBB15B20029E545 /* GroupGameModel.swift */ = {isa = PBXFileReference; fileEncoding = 4; lastKnownFileType = sourcecode.swift; lineEnding = 0; path = GroupGameModel.swift; sourceTree = "<group>"; xcLanguageSpecificationIdentifier = xcode.lang.swift; };
		F3B5E0041BBB21B00029E545 /* SessionModel.swift */ = {isa = PBXFileReference; fileEncoding = 4; lastKnownFileType = sourcecode.swift; lineEnding = 0; path = SessionModel.swift; sourceTree = "<group>"; xcLanguageSpecificationIdentifier = xcode.lang.swift; };
		F3FD18901BBA1ED200B7F114 /* Gamenights-Bridging-Header.h */ = {isa = PBXFileReference; lastKnownFileType = sourcecode.c.h; path = "Gamenights-Bridging-Header.h"; sourceTree = "<group>"; };
/* End PBXFileReference section */

/* Begin PBXFrameworksBuildPhase section */
		D97021241BB90D9800843307 /* Frameworks */ = {
			isa = PBXFrameworksBuildPhase;
			buildActionMask = 2147483647;
			files = (
				B9E9DDDB9F5C6874701B5E67 /* libPods.a in Frameworks */,
			);
			runOnlyForDeploymentPostprocessing = 0;
		};
		D97021391BB90D9800843307 /* Frameworks */ = {
			isa = PBXFrameworksBuildPhase;
			buildActionMask = 2147483647;
			files = (
			);
			runOnlyForDeploymentPostprocessing = 0;
		};
/* End PBXFrameworksBuildPhase section */

/* Begin PBXGroup section */
		1E37AD5B18776B18031DEA82 /* Frameworks */ = {
			isa = PBXGroup;
			children = (
				E150B66EC1B84DCBC44BB45B /* libPods.a */,
			);
			name = Frameworks;
			sourceTree = "<group>";
		};
		29C1F2A41BC19FCA002FEEB5 /* Segues */ = {
			isa = PBXGroup;
			children = (
				29C1F2A51BC1A021002FEEB5 /* ExpandInSegue.swift */,
			);
			name = Segues;
			sourceTree = "<group>";
		};
		D0A8151E9569ECD96E621C9B /* Pods */ = {
			isa = PBXGroup;
			children = (
				47437790BAC16798DBC51C4E /* Pods.debug.xcconfig */,
				74264B8ECF2A09EC2B67B488 /* Pods.release.xcconfig */,
			);
			name = Pods;
			sourceTree = "<group>";
		};
		D9081D711BB9133A005E3F23 /* View Controller */ = {
			isa = PBXGroup;
			children = (
				D9081D721BB91403005E3F23 /* GamesViewController.swift */,
				D9081D771BB917D2005E3F23 /* NewGameViewController.swift */,
				D9081D791BB91888005E3F23 /* NewGameResultViewController.swift */,
				D9081D7B1BB91901005E3F23 /* GameDetailViewController.swift */,
				29E0703A1BBA2B8300E9ACE2 /* HamburgerViewController.swift */,
				29E0703C1BBA2C8400E9ACE2 /* PlayersViewController.swift */,
				29AC500E1BC0CA1A00DDAFA7 /* GroupsViewController.swift */,
			);
			name = "View Controller";
			sourceTree = "<group>";
		};
		D9081D741BB915DA005E3F23 /* Views */ = {
			isa = PBXGroup;
			children = (
				D9081D751BB91614005E3F23 /* GameCell.swift */,
				D9081D7D1BB91931005E3F23 /* GameResultCell.swift */,
				29E070411BBA3B6900E9ACE2 /* MenuCell.swift */,
				29AC50101BC0CABF00DDAFA7 /* GroupCell.swift */,
			);
			name = Views;
			sourceTree = "<group>";
		};
		D970211E1BB90D9800843307 = {
			isa = PBXGroup;
			children = (
				D97021291BB90D9800843307 /* Gamenights */,
				D970213F1BB90D9800843307 /* GamenightsTests */,
				D97021281BB90D9800843307 /* Products */,
				D0A8151E9569ECD96E621C9B /* Pods */,
				1E37AD5B18776B18031DEA82 /* Frameworks */,
			);
			sourceTree = "<group>";
		};
		D97021281BB90D9800843307 /* Products */ = {
			isa = PBXGroup;
			children = (
				D97021271BB90D9800843307 /* Gamenights.app */,
				D970213C1BB90D9800843307 /* GamenightsTests.xctest */,
			);
			name = Products;
			sourceTree = "<group>";
		};
		D97021291BB90D9800843307 /* Gamenights */ = {
			isa = PBXGroup;
			children = (
				29C1F2A41BC19FCA002FEEB5 /* Segues */,
				F3879A021BBA225A00393C83 /* Models */,
				D9081D741BB915DA005E3F23 /* Views */,
				D9081D711BB9133A005E3F23 /* View Controller */,
				D970212C1BB90D9800843307 /* AppDelegate.swift */,
				D97021301BB90D9800843307 /* Main.storyboard */,
				D97021331BB90D9800843307 /* Images.xcassets */,
				D97021351BB90D9800843307 /* LaunchScreen.xib */,
				D970212A1BB90D9800843307 /* Supporting Files */,
				F3FD18901BBA1ED200B7F114 /* Gamenights-Bridging-Header.h */,
			);
			path = Gamenights;
			sourceTree = "<group>";
		};
		D970212A1BB90D9800843307 /* Supporting Files */ = {
			isa = PBXGroup;
			children = (
				D970212B1BB90D9800843307 /* Info.plist */,
			);
			name = "Supporting Files";
			sourceTree = "<group>";
		};
		D970213F1BB90D9800843307 /* GamenightsTests */ = {
			isa = PBXGroup;
			children = (
				D97021421BB90D9800843307 /* GamenightsTests.swift */,
				D97021401BB90D9800843307 /* Supporting Files */,
			);
			path = GamenightsTests;
			sourceTree = "<group>";
		};
		D97021401BB90D9800843307 /* Supporting Files */ = {
			isa = PBXGroup;
			children = (
				D97021411BB90D9800843307 /* Info.plist */,
			);
			name = "Supporting Files";
			sourceTree = "<group>";
		};
		F3879A021BBA225A00393C83 /* Models */ = {
			isa = PBXGroup;
			children = (
				F3B5E0041BBB21B00029E545 /* SessionModel.swift */,
				F3B5E0011BBB15B20029E545 /* GroupGameModel.swift */,
				F33FCE3F1BBA31C800D61EF4 /* GroupModel.swift */,
				2950C7331BBCEAF400459A5D /* Player.swift */,
				29768BE81BBE43F8000457C8 /* Constants.swift */,
			);
			name = Models;
			sourceTree = "<group>";
		};
/* End PBXGroup section */

/* Begin PBXNativeTarget section */
		D97021261BB90D9800843307 /* Gamenights */ = {
			isa = PBXNativeTarget;
			buildConfigurationList = D97021461BB90D9800843307 /* Build configuration list for PBXNativeTarget "Gamenights" */;
			buildPhases = (
				FD089830E4D902F10C379165 /* Check Pods Manifest.lock */,
				D97021231BB90D9800843307 /* Sources */,
				D97021241BB90D9800843307 /* Frameworks */,
				D97021251BB90D9800843307 /* Resources */,
				56A6A686D91A2096CC56C912 /* Copy Pods Resources */,
			);
			buildRules = (
			);
			dependencies = (
			);
			name = Gamenights;
			productName = Gamenights;
			productReference = D97021271BB90D9800843307 /* Gamenights.app */;
			productType = "com.apple.product-type.application";
		};
		D970213B1BB90D9800843307 /* GamenightsTests */ = {
			isa = PBXNativeTarget;
			buildConfigurationList = D97021491BB90D9800843307 /* Build configuration list for PBXNativeTarget "GamenightsTests" */;
			buildPhases = (
				D97021381BB90D9800843307 /* Sources */,
				D97021391BB90D9800843307 /* Frameworks */,
				D970213A1BB90D9800843307 /* Resources */,
			);
			buildRules = (
			);
			dependencies = (
				D970213E1BB90D9800843307 /* PBXTargetDependency */,
			);
			name = GamenightsTests;
			productName = GamenightsTests;
			productReference = D970213C1BB90D9800843307 /* GamenightsTests.xctest */;
			productType = "com.apple.product-type.bundle.unit-test";
		};
/* End PBXNativeTarget section */

/* Begin PBXProject section */
		D970211F1BB90D9800843307 /* Project object */ = {
			isa = PBXProject;
			attributes = {
				LastSwiftUpdateCheck = 0700;
				LastUpgradeCheck = 0700;
				ORGANIZATIONNAME = "T-West";
				TargetAttributes = {
					D97021261BB90D9800843307 = {
						CreatedOnToolsVersion = 6.4;
					};
					D970213B1BB90D9800843307 = {
						CreatedOnToolsVersion = 6.4;
						TestTargetID = D97021261BB90D9800843307;
					};
				};
			};
			buildConfigurationList = D97021221BB90D9800843307 /* Build configuration list for PBXProject "Gamenights" */;
			compatibilityVersion = "Xcode 3.2";
			developmentRegion = English;
			hasScannedForEncodings = 0;
			knownRegions = (
				en,
				Base,
			);
			mainGroup = D970211E1BB90D9800843307;
			productRefGroup = D97021281BB90D9800843307 /* Products */;
			projectDirPath = "";
			projectRoot = "";
			targets = (
				D97021261BB90D9800843307 /* Gamenights */,
				D970213B1BB90D9800843307 /* GamenightsTests */,
			);
		};
/* End PBXProject section */

/* Begin PBXResourcesBuildPhase section */
		D97021251BB90D9800843307 /* Resources */ = {
			isa = PBXResourcesBuildPhase;
			buildActionMask = 2147483647;
			files = (
				D97021321BB90D9800843307 /* Main.storyboard in Resources */,
				D97021371BB90D9800843307 /* LaunchScreen.xib in Resources */,
				D97021341BB90D9800843307 /* Images.xcassets in Resources */,
			);
			runOnlyForDeploymentPostprocessing = 0;
		};
		D970213A1BB90D9800843307 /* Resources */ = {
			isa = PBXResourcesBuildPhase;
			buildActionMask = 2147483647;
			files = (
			);
			runOnlyForDeploymentPostprocessing = 0;
		};
/* End PBXResourcesBuildPhase section */

/* Begin PBXShellScriptBuildPhase section */
		56A6A686D91A2096CC56C912 /* Copy Pods Resources */ = {
			isa = PBXShellScriptBuildPhase;
			buildActionMask = 2147483647;
			files = (
			);
			inputPaths = (
			);
			name = "Copy Pods Resources";
			outputPaths = (
			);
			runOnlyForDeploymentPostprocessing = 0;
			shellPath = /bin/sh;
			shellScript = "\"${SRCROOT}/Pods/Target Support Files/Pods/Pods-resources.sh\"\n";
			showEnvVarsInLog = 0;
		};
		FD089830E4D902F10C379165 /* Check Pods Manifest.lock */ = {
			isa = PBXShellScriptBuildPhase;
			buildActionMask = 2147483647;
			files = (
			);
			inputPaths = (
			);
			name = "Check Pods Manifest.lock";
			outputPaths = (
			);
			runOnlyForDeploymentPostprocessing = 0;
			shellPath = /bin/sh;
			shellScript = "diff \"${PODS_ROOT}/../Podfile.lock\" \"${PODS_ROOT}/Manifest.lock\" > /dev/null\nif [[ $? != 0 ]] ; then\n    cat << EOM\nerror: The sandbox is not in sync with the Podfile.lock. Run 'pod install' or update your CocoaPods installation.\nEOM\n    exit 1\nfi\n";
			showEnvVarsInLog = 0;
		};
/* End PBXShellScriptBuildPhase section */

/* Begin PBXSourcesBuildPhase section */
		D97021231BB90D9800843307 /* Sources */ = {
			isa = PBXSourcesBuildPhase;
			buildActionMask = 2147483647;
			files = (
				D9081D7E1BB91931005E3F23 /* GameResultCell.swift in Sources */,
				F3B5E0031BBB15B20029E545 /* GroupGameModel.swift in Sources */,
				D9081D7C1BB91901005E3F23 /* GameDetailViewController.swift in Sources */,
				29AC50111BC0CABF00DDAFA7 /* GroupCell.swift in Sources */,
				29C1F2A61BC1A021002FEEB5 /* ExpandInSegue.swift in Sources */,
				F33FCE401BBA31C800D61EF4 /* GroupModel.swift in Sources */,
				29AC500F1BC0CA1A00DDAFA7 /* GroupsViewController.swift in Sources */,
				2950C7341BBCEAF400459A5D /* Player.swift in Sources */,
				29768BE91BBE43F8000457C8 /* Constants.swift in Sources */,
				F3B5E0051BBB21B00029E545 /* SessionModel.swift in Sources */,
				D9081D731BB91403005E3F23 /* GamesViewController.swift in Sources */,
				D9081D7A1BB91888005E3F23 /* NewGameResultViewController.swift in Sources */,
				29E070421BBA3B6900E9ACE2 /* MenuCell.swift in Sources */,
				29E0703D1BBA2C8400E9ACE2 /* PlayersViewController.swift in Sources */,
				29E0703B1BBA2B8300E9ACE2 /* HamburgerViewController.swift in Sources */,
				D9081D781BB917D2005E3F23 /* NewGameViewController.swift in Sources */,
				D970212D1BB90D9800843307 /* AppDelegate.swift in Sources */,
				D9081D761BB91614005E3F23 /* GameCell.swift in Sources */,
			);
			runOnlyForDeploymentPostprocessing = 0;
		};
		D97021381BB90D9800843307 /* Sources */ = {
			isa = PBXSourcesBuildPhase;
			buildActionMask = 2147483647;
			files = (
				D97021431BB90D9800843307 /* GamenightsTests.swift in Sources */,
			);
			runOnlyForDeploymentPostprocessing = 0;
		};
/* End PBXSourcesBuildPhase section */

/* Begin PBXTargetDependency section */
		D970213E1BB90D9800843307 /* PBXTargetDependency */ = {
			isa = PBXTargetDependency;
			target = D97021261BB90D9800843307 /* Gamenights */;
			targetProxy = D970213D1BB90D9800843307 /* PBXContainerItemProxy */;
		};
/* End PBXTargetDependency section */

/* Begin PBXVariantGroup section */
		D97021301BB90D9800843307 /* Main.storyboard */ = {
			isa = PBXVariantGroup;
			children = (
				D97021311BB90D9800843307 /* Base */,
			);
			name = Main.storyboard;
			sourceTree = "<group>";
		};
		D97021351BB90D9800843307 /* LaunchScreen.xib */ = {
			isa = PBXVariantGroup;
			children = (
				D97021361BB90D9800843307 /* Base */,
			);
			name = LaunchScreen.xib;
			sourceTree = "<group>";
		};
/* End PBXVariantGroup section */

/* Begin XCBuildConfiguration section */
		D97021441BB90D9800843307 /* Debug */ = {
			isa = XCBuildConfiguration;
			buildSettings = {
				ALWAYS_SEARCH_USER_PATHS = NO;
				CLANG_CXX_LANGUAGE_STANDARD = "gnu++0x";
				CLANG_CXX_LIBRARY = "libc++";
				CLANG_ENABLE_MODULES = YES;
				CLANG_ENABLE_OBJC_ARC = YES;
				CLANG_WARN_BOOL_CONVERSION = YES;
				CLANG_WARN_CONSTANT_CONVERSION = YES;
				CLANG_WARN_DIRECT_OBJC_ISA_USAGE = YES_ERROR;
				CLANG_WARN_EMPTY_BODY = YES;
				CLANG_WARN_ENUM_CONVERSION = YES;
				CLANG_WARN_INT_CONVERSION = YES;
				CLANG_WARN_OBJC_ROOT_CLASS = YES_ERROR;
				CLANG_WARN_UNREACHABLE_CODE = YES;
				CLANG_WARN__DUPLICATE_METHOD_MATCH = YES;
				"CODE_SIGN_IDENTITY[sdk=iphoneos*]" = "iPhone Developer";
				COPY_PHASE_STRIP = NO;
				DEBUG_INFORMATION_FORMAT = "dwarf-with-dsym";
				ENABLE_STRICT_OBJC_MSGSEND = YES;
				ENABLE_TESTABILITY = YES;
				GCC_C_LANGUAGE_STANDARD = gnu99;
				GCC_DYNAMIC_NO_PIC = NO;
				GCC_NO_COMMON_BLOCKS = YES;
				GCC_OPTIMIZATION_LEVEL = 0;
				GCC_PREPROCESSOR_DEFINITIONS = (
					"DEBUG=1",
					"$(inherited)",
				);
				GCC_SYMBOLS_PRIVATE_EXTERN = NO;
				GCC_WARN_64_TO_32_BIT_CONVERSION = YES;
				GCC_WARN_ABOUT_RETURN_TYPE = YES_ERROR;
				GCC_WARN_UNDECLARED_SELECTOR = YES;
				GCC_WARN_UNINITIALIZED_AUTOS = YES_AGGRESSIVE;
				GCC_WARN_UNUSED_FUNCTION = YES;
				GCC_WARN_UNUSED_VARIABLE = YES;
				IPHONEOS_DEPLOYMENT_TARGET = 8.4;
				MTL_ENABLE_DEBUG_INFO = YES;
				ONLY_ACTIVE_ARCH = YES;
				SDKROOT = iphoneos;
				SWIFT_OPTIMIZATION_LEVEL = "-Onone";
			};
			name = Debug;
		};
		D97021451BB90D9800843307 /* Release */ = {
			isa = XCBuildConfiguration;
			buildSettings = {
				ALWAYS_SEARCH_USER_PATHS = NO;
				CLANG_CXX_LANGUAGE_STANDARD = "gnu++0x";
				CLANG_CXX_LIBRARY = "libc++";
				CLANG_ENABLE_MODULES = YES;
				CLANG_ENABLE_OBJC_ARC = YES;
				CLANG_WARN_BOOL_CONVERSION = YES;
				CLANG_WARN_CONSTANT_CONVERSION = YES;
				CLANG_WARN_DIRECT_OBJC_ISA_USAGE = YES_ERROR;
				CLANG_WARN_EMPTY_BODY = YES;
				CLANG_WARN_ENUM_CONVERSION = YES;
				CLANG_WARN_INT_CONVERSION = YES;
				CLANG_WARN_OBJC_ROOT_CLASS = YES_ERROR;
				CLANG_WARN_UNREACHABLE_CODE = YES;
				CLANG_WARN__DUPLICATE_METHOD_MATCH = YES;
				"CODE_SIGN_IDENTITY[sdk=iphoneos*]" = "iPhone Developer";
				COPY_PHASE_STRIP = NO;
				DEBUG_INFORMATION_FORMAT = "dwarf-with-dsym";
				ENABLE_NS_ASSERTIONS = NO;
				ENABLE_STRICT_OBJC_MSGSEND = YES;
				GCC_C_LANGUAGE_STANDARD = gnu99;
				GCC_NO_COMMON_BLOCKS = YES;
				GCC_WARN_64_TO_32_BIT_CONVERSION = YES;
				GCC_WARN_ABOUT_RETURN_TYPE = YES_ERROR;
				GCC_WARN_UNDECLARED_SELECTOR = YES;
				GCC_WARN_UNINITIALIZED_AUTOS = YES_AGGRESSIVE;
				GCC_WARN_UNUSED_FUNCTION = YES;
				GCC_WARN_UNUSED_VARIABLE = YES;
				IPHONEOS_DEPLOYMENT_TARGET = 8.4;
				MTL_ENABLE_DEBUG_INFO = NO;
				SDKROOT = iphoneos;
				VALIDATE_PRODUCT = YES;
			};
			name = Release;
		};
		D97021471BB90D9800843307 /* Debug */ = {
			isa = XCBuildConfiguration;
			baseConfigurationReference = 47437790BAC16798DBC51C4E /* Pods.debug.xcconfig */;
			buildSettings = {
				ASSETCATALOG_COMPILER_APPICON_NAME = AppIcon;
				CLANG_ENABLE_MODULES = YES;
				INFOPLIST_FILE = Gamenights/Info.plist;
				LD_RUNPATH_SEARCH_PATHS = "$(inherited) @executable_path/Frameworks";
				PRODUCT_BUNDLE_IDENTIFIER = "com.ZhiH.$(PRODUCT_NAME:rfc1034identifier)";
				PRODUCT_NAME = "$(TARGET_NAME)";
				SWIFT_OBJC_BRIDGING_HEADER = "Gamenights/Gamenights-Bridging-Header.h";
				SWIFT_OPTIMIZATION_LEVEL = "-Onone";
			};
			name = Debug;
		};
		D97021481BB90D9800843307 /* Release */ = {
			isa = XCBuildConfiguration;
			baseConfigurationReference = 74264B8ECF2A09EC2B67B488 /* Pods.release.xcconfig */;
			buildSettings = {
				ASSETCATALOG_COMPILER_APPICON_NAME = AppIcon;
				CLANG_ENABLE_MODULES = YES;
				INFOPLIST_FILE = Gamenights/Info.plist;
				LD_RUNPATH_SEARCH_PATHS = "$(inherited) @executable_path/Frameworks";
				PRODUCT_BUNDLE_IDENTIFIER = "com.ZhiH.$(PRODUCT_NAME:rfc1034identifier)";
				PRODUCT_NAME = "$(TARGET_NAME)";
				SWIFT_OBJC_BRIDGING_HEADER = "Gamenights/Gamenights-Bridging-Header.h";
			};
			name = Release;
		};
		D970214A1BB90D9800843307 /* Debug */ = {
			isa = XCBuildConfiguration;
			buildSettings = {
				BUNDLE_LOADER = "$(TEST_HOST)";
				FRAMEWORK_SEARCH_PATHS = (
					"$(SDKROOT)/Developer/Library/Frameworks",
					"$(inherited)",
				);
				GCC_PREPROCESSOR_DEFINITIONS = (
					"DEBUG=1",
					"$(inherited)",
				);
				INFOPLIST_FILE = GamenightsTests/Info.plist;
				LD_RUNPATH_SEARCH_PATHS = "$(inherited) @executable_path/Frameworks @loader_path/Frameworks";
				PRODUCT_BUNDLE_IDENTIFIER = "com.ZhiH.$(PRODUCT_NAME:rfc1034identifier)";
				PRODUCT_NAME = "$(TARGET_NAME)";
				TEST_HOST = "$(BUILT_PRODUCTS_DIR)/Gamenights.app/Gamenights";
			};
			name = Debug;
		};
		D970214B1BB90D9800843307 /* Release */ = {
			isa = XCBuildConfiguration;
			buildSettings = {
				BUNDLE_LOADER = "$(TEST_HOST)";
				FRAMEWORK_SEARCH_PATHS = (
					"$(SDKROOT)/Developer/Library/Frameworks",
					"$(inherited)",
				);
				INFOPLIST_FILE = GamenightsTests/Info.plist;
				LD_RUNPATH_SEARCH_PATHS = "$(inherited) @executable_path/Frameworks @loader_path/Frameworks";
				PRODUCT_BUNDLE_IDENTIFIER = "com.ZhiH.$(PRODUCT_NAME:rfc1034identifier)";
				PRODUCT_NAME = "$(TARGET_NAME)";
				TEST_HOST = "$(BUILT_PRODUCTS_DIR)/Gamenights.app/Gamenights";
			};
			name = Release;
		};
/* End XCBuildConfiguration section */

/* Begin XCConfigurationList section */
		D97021221BB90D9800843307 /* Build configuration list for PBXProject "Gamenights" */ = {
			isa = XCConfigurationList;
			buildConfigurations = (
				D97021441BB90D9800843307 /* Debug */,
				D97021451BB90D9800843307 /* Release */,
			);
			defaultConfigurationIsVisible = 0;
			defaultConfigurationName = Release;
		};
		D97021461BB90D9800843307 /* Build configuration list for PBXNativeTarget "Gamenights" */ = {
			isa = XCConfigurationList;
			buildConfigurations = (
				D97021471BB90D9800843307 /* Debug */,
				D97021481BB90D9800843307 /* Release */,
			);
			defaultConfigurationIsVisible = 0;
			defaultConfigurationName = Release;
		};
		D97021491BB90D9800843307 /* Build configuration list for PBXNativeTarget "GamenightsTests" */ = {
			isa = XCConfigurationList;
			buildConfigurations = (
				D970214A1BB90D9800843307 /* Debug */,
				D970214B1BB90D9800843307 /* Release */,
			);
			defaultConfigurationIsVisible = 0;
			defaultConfigurationName = Release;
		};
/* End XCConfigurationList section */
	};
	rootObject = D970211F1BB90D9800843307 /* Project object */;
}
